
Microsoft Visual Studio Solution File, Format Version 12.00
# Visual Studio 15
VisualStudioVersion = 15.0.28307.168
MinimumVisualStudioVersion = 10.0.40219.1
Project("{FAE04EC0-301F-11D3-BF4B-00C04F79EFBC}") = "Tax_Calculator", "Tax_Calculator\Tax_Calculator.csproj", "{8EF5F130-58CD-4AD7-8C77-4DBD95A217FE}"
EndProject
Project("{FAE04EC0-301F-11D3-BF4B-00C04F79EFBC}") = "Tax_Calculator.Tests", "Tax_Calculator.Tests\Tax_Calculator.Tests.csproj", "{72BAEA7C-68AB-49C2-A12B-2841054088F4}"
EndProject
Global
	GlobalSection(SolutionConfigurationPlatforms) = preSolution
		Debug|Any CPU = Debug|Any CPU
		Release|Any CPU = Release|Any CPU
	EndGlobalSection
	GlobalSection(ProjectConfigurationPlatforms) = postSolution
		{8EF5F130-58CD-4AD7-8C77-4DBD95A217FE}.Debug|Any CPU.ActiveCfg = Debug|Any CPU
		{8EF5F130-58CD-4AD7-8C77-4DBD95A217FE}.Debug|Any CPU.Build.0 = Debug|Any CPU
		{8EF5F130-58CD-4AD7-8C77-4DBD95A217FE}.Release|Any CPU.ActiveCfg = Release|Any CPU
		{8EF5F130-58CD-4AD7-8C77-4DBD95A217FE}.Release|Any CPU.Build.0 = Release|Any CPU
		{72BAEA7C-68AB-49C2-A12B-2841054088F4}.Debug|Any CPU.ActiveCfg = Debug|Any CPU
		{72BAEA7C-68AB-49C2-A12B-2841054088F4}.Debug|Any CPU.Build.0 = Debug|Any CPU
		{72BAEA7C-68AB-49C2-A12B-2841054088F4}.Release|Any CPU.ActiveCfg = Release|Any CPU
		{72BAEA7C-68AB-49C2-A12B-2841054088F4}.Release|Any CPU.Build.0 = Release|Any CPU
	EndGlobalSection
	GlobalSection(SolutionProperties) = preSolution
		HideSolutionNode = FALSE
	EndGlobalSection
	GlobalSection(ExtensibilityGlobals) = postSolution
		SolutionGuid = {EEFD63DC-B169-48EA-A76B-5035C1E45830}
	EndGlobalSection
EndGlobal
